// !$*UTF8*$!
{
	archiveVersion = 1;
	classes = {
	};
	objectVersion = 50;
	objects = {

/* Begin PBXBuildFile section */
		CE04061127361F6A001F5244 /* LearningApp.swift in Sources */ = {isa = PBXBuildFile; fileRef = CE04061027361F6A001F5244 /* LearningApp.swift */; };
		CE04061327361F6A001F5244 /* HomeView.swift in Sources */ = {isa = PBXBuildFile; fileRef = CE04061227361F6A001F5244 /* HomeView.swift */; };
		CE04061527361F71001F5244 /* Assets.xcassets in Resources */ = {isa = PBXBuildFile; fileRef = CE04061427361F71001F5244 /* Assets.xcassets */; };
		CE04061827361F71001F5244 /* Preview Assets.xcassets in Resources */ = {isa = PBXBuildFile; fileRef = CE04061727361F71001F5244 /* Preview Assets.xcassets */; };
		CE040625273622FB001F5244 /* ContentModel.swift in Sources */ = {isa = PBXBuildFile; fileRef = CE040624273622FB001F5244 /* ContentModel.swift */; };
		CE0406282736C91F001F5244 /* data.json in Resources */ = {isa = PBXBuildFile; fileRef = CE0406262736C91E001F5244 /* data.json */; };
		CE0406292736C91F001F5244 /* style.html in Resources */ = {isa = PBXBuildFile; fileRef = CE0406272736C91F001F5244 /* style.html */; };
		CE04062B2736CB60001F5244 /* Models.swift in Sources */ = {isa = PBXBuildFile; fileRef = CE04062A2736CB60001F5244 /* Models.swift */; };
		CE04062D27383BC4001F5244 /* HomeViewRow.swift in Sources */ = {isa = PBXBuildFile; fileRef = CE04062C27383BC2001F5244 /* HomeViewRow.swift */; };
		CE04062F27397530001F5244 /* ContentView.swift in Sources */ = {isa = PBXBuildFile; fileRef = CE04062E2739752F001F5244 /* ContentView.swift */; };
		CE040631273A158E001F5244 /* ContentViewRow.swift in Sources */ = {isa = PBXBuildFile; fileRef = CE040630273A158D001F5244 /* ContentViewRow.swift */; };
		CE040633273A1CA3001F5244 /* ContentDetailView.swift in Sources */ = {isa = PBXBuildFile; fileRef = CE040632273A1CA3001F5244 /* ContentDetailView.swift */; };
/* End PBXBuildFile section */

/* Begin PBXFileReference section */
		CE04060D27361F6A001F5244 /* LearningApp.app */ = {isa = PBXFileReference; explicitFileType = wrapper.application; includeInIndex = 0; path = LearningApp.app; sourceTree = BUILT_PRODUCTS_DIR; };
		CE04061027361F6A001F5244 /* LearningApp.swift */ = {isa = PBXFileReference; lastKnownFileType = sourcecode.swift; path = LearningApp.swift; sourceTree = "<group>"; };
		CE04061227361F6A001F5244 /* HomeView.swift */ = {isa = PBXFileReference; lastKnownFileType = sourcecode.swift; path = HomeView.swift; sourceTree = "<group>"; };
		CE04061427361F71001F5244 /* Assets.xcassets */ = {isa = PBXFileReference; lastKnownFileType = folder.assetcatalog; path = Assets.xcassets; sourceTree = "<group>"; };
		CE04061727361F71001F5244 /* Preview Assets.xcassets */ = {isa = PBXFileReference; lastKnownFileType = folder.assetcatalog; path = "Preview Assets.xcassets"; sourceTree = "<group>"; };
		CE04061927361F71001F5244 /* Info.plist */ = {isa = PBXFileReference; lastKnownFileType = text.plist.xml; path = Info.plist; sourceTree = "<group>"; };
		CE040624273622FB001F5244 /* ContentModel.swift */ = {isa = PBXFileReference; lastKnownFileType = sourcecode.swift; path = ContentModel.swift; sourceTree = "<group>"; };
		CE0406262736C91E001F5244 /* data.json */ = {isa = PBXFileReference; fileEncoding = 4; lastKnownFileType = text.json; path = data.json; sourceTree = "<group>"; };
		CE0406272736C91F001F5244 /* style.html */ = {isa = PBXFileReference; fileEncoding = 4; lastKnownFileType = text.html; path = style.html; sourceTree = "<group>"; };
		CE04062A2736CB60001F5244 /* Models.swift */ = {isa = PBXFileReference; lastKnownFileType = sourcecode.swift; path = Models.swift; sourceTree = "<group>"; };
		CE04062C27383BC2001F5244 /* HomeViewRow.swift */ = {isa = PBXFileReference; lastKnownFileType = sourcecode.swift; path = HomeViewRow.swift; sourceTree = "<group>"; };
		CE04062E2739752F001F5244 /* ContentView.swift */ = {isa = PBXFileReference; lastKnownFileType = sourcecode.swift; path = ContentView.swift; sourceTree = "<group>"; };
		CE040630273A158D001F5244 /* ContentViewRow.swift */ = {isa = PBXFileReference; lastKnownFileType = sourcecode.swift; path = ContentViewRow.swift; sourceTree = "<group>"; };
		CE040632273A1CA3001F5244 /* ContentDetailView.swift */ = {isa = PBXFileReference; lastKnownFileType = sourcecode.swift; path = ContentDetailView.swift; sourceTree = "<group>"; };
/* End PBXFileReference section */

/* Begin PBXFrameworksBuildPhase section */
		CE04060A27361F6A001F5244 /* Frameworks */ = {
			isa = PBXFrameworksBuildPhase;
			buildActionMask = 2147483647;
			files = (
			);
			runOnlyForDeploymentPostprocessing = 0;
		};
/* End PBXFrameworksBuildPhase section */

/* Begin PBXGroup section */
		CE04060427361F69001F5244 = {
			isa = PBXGroup;
			children = (
				CE04060F27361F6A001F5244 /* LearningApp */,
				CE04060E27361F6A001F5244 /* Products */,
			);
			sourceTree = "<group>";
		};
		CE04060E27361F6A001F5244 /* Products */ = {
			isa = PBXGroup;
			children = (
				CE04060D27361F6A001F5244 /* LearningApp.app */,
			);
			name = Products;
			sourceTree = "<group>";
		};
		CE04060F27361F6A001F5244 /* LearningApp */ = {
			isa = PBXGroup;
			children = (
				CE04061027361F6A001F5244 /* LearningApp.swift */,
				CE040623273621B4001F5244 /* Helpers */,
				CE04062227362182001F5244 /* Resources */,
				CE0406212736217A001F5244 /* Models */,
				CE0406202736215B001F5244 /* ViewModels */,
				CE04061F27362150001F5244 /* Views */,
				CE04061427361F71001F5244 /* Assets.xcassets */,
				CE04061927361F71001F5244 /* Info.plist */,
				CE04061627361F71001F5244 /* Preview Content */,
			);
			path = LearningApp;
			sourceTree = "<group>";
		};
		CE04061627361F71001F5244 /* Preview Content */ = {
			isa = PBXGroup;
			children = (
				CE04061727361F71001F5244 /* Preview Assets.xcassets */,
			);
			path = "Preview Content";
			sourceTree = "<group>";
		};
		CE04061F27362150001F5244 /* Views */ = {
			isa = PBXGroup;
			children = (
				CE04061227361F6A001F5244 /* HomeView.swift */,
				CE04062C27383BC2001F5244 /* HomeViewRow.swift */,
				CE04062E2739752F001F5244 /* ContentView.swift */,
				CE040630273A158D001F5244 /* ContentViewRow.swift */,
				CE040632273A1CA3001F5244 /* ContentDetailView.swift */,
			);
			path = Views;
			sourceTree = "<group>";
		};
		CE0406202736215B001F5244 /* ViewModels */ = {
			isa = PBXGroup;
			children = (
				CE040624273622FB001F5244 /* ContentModel.swift */,
			);
			path = ViewModels;
			sourceTree = "<group>";
		};
		CE0406212736217A001F5244 /* Models */ = {
			isa = PBXGroup;
			children = (
				CE04062A2736CB60001F5244 /* Models.swift */,
			);
			path = Models;
			sourceTree = "<group>";
		};
		CE04062227362182001F5244 /* Resources */ = {
			isa = PBXGroup;
			children = (
				CE0406262736C91E001F5244 /* data.json */,
				CE0406272736C91F001F5244 /* style.html */,
			);
			path = Resources;
			sourceTree = "<group>";
		};
		CE040623273621B4001F5244 /* Helpers */ = {
			isa = PBXGroup;
			children = (
			);
			path = Helpers;
			sourceTree = "<group>";
		};
/* End PBXGroup section */

/* Begin PBXNativeTarget section */
		CE04060C27361F6A001F5244 /* LearningApp */ = {
			isa = PBXNativeTarget;
			buildConfigurationList = CE04061C27361F71001F5244 /* Build configuration list for PBXNativeTarget "LearningApp" */;
			buildPhases = (
				CE04060927361F6A001F5244 /* Sources */,
				CE04060A27361F6A001F5244 /* Frameworks */,
				CE04060B27361F6A001F5244 /* Resources */,
			);
			buildRules = (
			);
			dependencies = (
			);
			name = LearningApp;
			productName = LearningApp;
			productReference = CE04060D27361F6A001F5244 /* LearningApp.app */;
			productType = "com.apple.product-type.application";
		};
/* End PBXNativeTarget section */

/* Begin PBXProject section */
		CE04060527361F69001F5244 /* Project object */ = {
			isa = PBXProject;
			attributes = {
				LastSwiftUpdateCheck = 1250;
				LastUpgradeCheck = 1250;
				TargetAttributes = {
					CE04060C27361F6A001F5244 = {
						CreatedOnToolsVersion = 12.5.1;
					};
				};
			};
			buildConfigurationList = CE04060827361F69001F5244 /* Build configuration list for PBXProject "LearningApp" */;
			compatibilityVersion = "Xcode 9.3";
			developmentRegion = en;
			hasScannedForEncodings = 0;
			knownRegions = (
				en,
				Base,
			);
			mainGroup = CE04060427361F69001F5244;
			productRefGroup = CE04060E27361F6A001F5244 /* Products */;
			projectDirPath = "";
			projectRoot = "";
			targets = (
				CE04060C27361F6A001F5244 /* LearningApp */,
			);
		};
/* End PBXProject section */

/* Begin PBXResourcesBuildPhase section */
		CE04060B27361F6A001F5244 /* Resources */ = {
			isa = PBXResourcesBuildPhase;
			buildActionMask = 2147483647;
			files = (
				CE04061827361F71001F5244 /* Preview Assets.xcassets in Resources */,
				CE0406282736C91F001F5244 /* data.json in Resources */,
				CE0406292736C91F001F5244 /* style.html in Resources */,
				CE04061527361F71001F5244 /* Assets.xcassets in Resources */,
			);
			runOnlyForDeploymentPostprocessing = 0;
		};
/* End PBXResourcesBuildPhase section */

/* Begin PBXSourcesBuildPhase section */
		CE04060927361F6A001F5244 /* Sources */ = {
			isa = PBXSourcesBuildPhase;
			buildActionMask = 2147483647;
			files = (
				CE04061327361F6A001F5244 /* HomeView.swift in Sources */,
				CE04062D27383BC4001F5244 /* HomeViewRow.swift in Sources */,
				CE04062F27397530001F5244 /* ContentView.swift in Sources */,
				CE040633273A1CA3001F5244 /* ContentDetailView.swift in Sources */,
				CE04061127361F6A001F5244 /* LearningApp.swift in Sources */,
				CE040631273A158E001F5244 /* ContentViewRow.swift in Sources */,
				CE040625273622FB001F5244 /* ContentModel.swift in Sources */,
				CE04062B2736CB60001F5244 /* Models.swift in Sources */,
			);
			runOnlyForDeploymentPostprocessing = 0;
		};
/* End PBXSourcesBuildPhase section */

/* Begin XCBuildConfiguration section */
		CE04061A27361F71001F5244 /* Debug */ = {
			isa = XCBuildConfiguration;
			buildSettings = {
				ALWAYS_SEARCH_USER_PATHS = NO;
				CLANG_ANALYZER_NONNULL = YES;
				CLANG_ANALYZER_NUMBER_OBJECT_CONVERSION = YES_AGGRESSIVE;
				CLANG_CXX_LANGUAGE_STANDARD = "gnu++14";
				CLANG_CXX_LIBRARY = "libc++";
				CLANG_ENABLE_MODULES = YES;
				CLANG_ENABLE_OBJC_ARC = YES;
				CLANG_ENABLE_OBJC_WEAK = YES;
				CLANG_WARN_BLOCK_CAPTURE_AUTORELEASING = YES;
				CLANG_WARN_BOOL_CONVERSION = YES;
				CLANG_WARN_COMMA = YES;
				CLANG_WARN_CONSTANT_CONVERSION = YES;
				CLANG_WARN_DEPRECATED_OBJC_IMPLEMENTATIONS = YES;
				CLANG_WARN_DIRECT_OBJC_ISA_USAGE = YES_ERROR;
				CLANG_WARN_DOCUMENTATION_COMMENTS = YES;
				CLANG_WARN_EMPTY_BODY = YES;
				CLANG_WARN_ENUM_CONVERSION = YES;
				CLANG_WARN_INFINITE_RECURSION = YES;
				CLANG_WARN_INT_CONVERSION = YES;
				CLANG_WARN_NON_LITERAL_NULL_CONVERSION = YES;
				CLANG_WARN_OBJC_IMPLICIT_RETAIN_SELF = YES;
				CLANG_WARN_OBJC_LITERAL_CONVERSION = YES;
				CLANG_WARN_OBJC_ROOT_CLASS = YES_ERROR;
				CLANG_WARN_QUOTED_INCLUDE_IN_FRAMEWORK_HEADER = YES;
				CLANG_WARN_RANGE_LOOP_ANALYSIS = YES;
				CLANG_WARN_STRICT_PROTOTYPES = YES;
				CLANG_WARN_SUSPICIOUS_MOVE = YES;
				CLANG_WARN_UNGUARDED_AVAILABILITY = YES_AGGRESSIVE;
				CLANG_WARN_UNREACHABLE_CODE = YES;
				CLANG_WARN__DUPLICATE_METHOD_MATCH = YES;
				COPY_PHASE_STRIP = NO;
				DEBUG_INFORMATION_FORMAT = dwarf;
				ENABLE_STRICT_OBJC_MSGSEND = YES;
				ENABLE_TESTABILITY = YES;
				GCC_C_LANGUAGE_STANDARD = gnu11;
				GCC_DYNAMIC_NO_PIC = NO;
				GCC_NO_COMMON_BLOCKS = YES;
				GCC_OPTIMIZATION_LEVEL = 0;
				GCC_PREPROCESSOR_DEFINITIONS = (
					"DEBUG=1",
					"$(inherited)",
				);
				GCC_WARN_64_TO_32_BIT_CONVERSION = YES;
				GCC_WARN_ABOUT_RETURN_TYPE = YES_ERROR;
				GCC_WARN_UNDECLARED_SELECTOR = YES;
				GCC_WARN_UNINITIALIZED_AUTOS = YES_AGGRESSIVE;
				GCC_WARN_UNUSED_FUNCTION = YES;
				GCC_WARN_UNUSED_VARIABLE = YES;
				IPHONEOS_DEPLOYMENT_TARGET = 14.5;
				MTL_ENABLE_DEBUG_INFO = INCLUDE_SOURCE;
				MTL_FAST_MATH = YES;
				ONLY_ACTIVE_ARCH = YES;
				SDKROOT = iphoneos;
				SWIFT_ACTIVE_COMPILATION_CONDITIONS = DEBUG;
				SWIFT_OPTIMIZATION_LEVEL = "-Onone";
			};
			name = Debug;
		};
		CE04061B27361F71001F5244 /* Release */ = {
			isa = XCBuildConfiguration;
			buildSettings = {
				ALWAYS_SEARCH_USER_PATHS = NO;
				CLANG_ANALYZER_NONNULL = YES;
				CLANG_ANALYZER_NUMBER_OBJECT_CONVERSION = YES_AGGRESSIVE;
				CLANG_CXX_LANGUAGE_STANDARD = "gnu++14";
				CLANG_CXX_LIBRARY = "libc++";
				CLANG_ENABLE_MODULES = YES;
				CLANG_ENABLE_OBJC_ARC = YES;
				CLANG_ENABLE_OBJC_WEAK = YES;
				CLANG_WARN_BLOCK_CAPTURE_AUTORELEASING = YES;
				CLANG_WARN_BOOL_CONVERSION = YES;
				CLANG_WARN_COMMA = YES;
				CLANG_WARN_CONSTANT_CONVERSION = YES;
				CLANG_WARN_DEPRECATED_OBJC_IMPLEMENTATIONS = YES;
				CLANG_WARN_DIRECT_OBJC_ISA_USAGE = YES_ERROR;
				CLANG_WARN_DOCUMENTATION_COMMENTS = YES;
				CLANG_WARN_EMPTY_BODY = YES;
				CLANG_WARN_ENUM_CONVERSION = YES;
				CLANG_WARN_INFINITE_RECURSION = YES;
				CLANG_WARN_INT_CONVERSION = YES;
				CLANG_WARN_NON_LITERAL_NULL_CONVERSION = YES;
				CLANG_WARN_OBJC_IMPLICIT_RETAIN_SELF = YES;
				CLANG_WARN_OBJC_LITERAL_CONVERSION = YES;
				CLANG_WARN_OBJC_ROOT_CLASS = YES_ERROR;
				CLANG_WARN_QUOTED_INCLUDE_IN_FRAMEWORK_HEADER = YES;
				CLANG_WARN_RANGE_LOOP_ANALYSIS = YES;
				CLANG_WARN_STRICT_PROTOTYPES = YES;
				CLANG_WARN_SUSPICIOUS_MOVE = YES;
				CLANG_WARN_UNGUARDED_AVAILABILITY = YES_AGGRESSIVE;
				CLANG_WARN_UNREACHABLE_CODE = YES;
				CLANG_WARN__DUPLICATE_METHOD_MATCH = YES;
				COPY_PHASE_STRIP = NO;
				DEBUG_INFORMATION_FORMAT = "dwarf-with-dsym";
				ENABLE_NS_ASSERTIONS = NO;
				ENABLE_STRICT_OBJC_MSGSEND = YES;
				GCC_C_LANGUAGE_STANDARD = gnu11;
				GCC_NO_COMMON_BLOCKS = YES;
				GCC_WARN_64_TO_32_BIT_CONVERSION = YES;
				GCC_WARN_ABOUT_RETURN_TYPE = YES_ERROR;
				GCC_WARN_UNDECLARED_SELECTOR = YES;
				GCC_WARN_UNINITIALIZED_AUTOS = YES_AGGRESSIVE;
				GCC_WARN_UNUSED_FUNCTION = YES;
				GCC_WARN_UNUSED_VARIABLE = YES;
				IPHONEOS_DEPLOYMENT_TARGET = 14.5;
				MTL_ENABLE_DEBUG_INFO = NO;
				MTL_FAST_MATH = YES;
				SDKROOT = iphoneos;
				SWIFT_COMPILATION_MODE = wholemodule;
				SWIFT_OPTIMIZATION_LEVEL = "-O";
				VALIDATE_PRODUCT = YES;
			};
			name = Release;
		};
		CE04061D27361F71001F5244 /* Debug */ = {
			isa = XCBuildConfiguration;
			buildSettings = {
				ASSETCATALOG_COMPILER_APPICON_NAME = AppIcon;
				ASSETCATALOG_COMPILER_GLOBAL_ACCENT_COLOR_NAME = AccentColor;
				CODE_SIGN_STYLE = Automatic;
				DEVELOPMENT_ASSET_PATHS = "\"LearningApp/Preview Content\"";
				ENABLE_PREVIEWS = YES;
				INFOPLIST_FILE = LearningApp/Info.plist;
				IPHONEOS_DEPLOYMENT_TARGET = 14.0;
				LD_RUNPATH_SEARCH_PATHS = (
					"$(inherited)",
					"@executable_path/Frameworks",
				);
				PRODUCT_BUNDLE_IDENTIFIER = M5L2.LearningApp;
				PRODUCT_NAME = "$(TARGET_NAME)";
				SWIFT_VERSION = 5.0;
				TARGETED_DEVICE_FAMILY = "1,2";
			};
			name = Debug;
		};
		CE04061E27361F71001F5244 /* Release */ = {
			isa = XCBuildConfiguration;
			buildSettings = {
				ASSETCATALOG_COMPILER_APPICON_NAME = AppIcon;
				ASSETCATALOG_COMPILER_GLOBAL_ACCENT_COLOR_NAME = AccentColor;
				CODE_SIGN_STYLE = Automatic;
				DEVELOPMENT_ASSET_PATHS = "\"LearningApp/Preview Content\"";
				ENABLE_PREVIEWS = YES;
				INFOPLIST_FILE = LearningApp/Info.plist;
				IPHONEOS_DEPLOYMENT_TARGET = 14.0;
				LD_RUNPATH_SEARCH_PATHS = (
					"$(inherited)",
					"@executable_path/Frameworks",
				);
				PRODUCT_BUNDLE_IDENTIFIER = M5L2.LearningApp;
				PRODUCT_NAME = "$(TARGET_NAME)";
				SWIFT_VERSION = 5.0;
				TARGETED_DEVICE_FAMILY = "1,2";
			};
			name = Release;
		};
/* End XCBuildConfiguration section */

/* Begin XCConfigurationList section */
		CE04060827361F69001F5244 /* Build configuration list for PBXProject "LearningApp" */ = {
			isa = XCConfigurationList;
			buildConfigurations = (
				CE04061A27361F71001F5244 /* Debug */,
				CE04061B27361F71001F5244 /* Release */,
			);
			defaultConfigurationIsVisible = 0;
			defaultConfigurationName = Release;
		};
		CE04061C27361F71001F5244 /* Build configuration list for PBXNativeTarget "LearningApp" */ = {
			isa = XCConfigurationList;
			buildConfigurations = (
				CE04061D27361F71001F5244 /* Debug */,
				CE04061E27361F71001F5244 /* Release */,
			);
			defaultConfigurationIsVisible = 0;
			defaultConfigurationName = Release;
		};
/* End XCConfigurationList section */
	};
	rootObject = CE04060527361F69001F5244 /* Project object */;
}
